
Microsoft Visual Studio Solution File, Format Version 12.00
# Visual Studio 2012
Project("{6141683F-8A12-4E36-9623-2EB02B2C2303}") = "AdminToolLite", "AdminToolLite\AdminToolLite.isproj", "{258C48E1-7D1F-46DD-93EF-86F6B22E7450}"
EndProject
Global
	GlobalSection(SolutionConfigurationPlatforms) = preSolution
		CD_ROM|Default = CD_ROM|Default
		DVD-5|Default = DVD-5|Default
		SingleImage|Default = SingleImage|Default
	EndGlobalSection
	GlobalSection(ProjectConfigurationPlatforms) = postSolution
		{258C48E1-7D1F-46DD-93EF-86F6B22E7450}.CD_ROM|Default.ActiveCfg = CD_ROM
		{258C48E1-7D1F-46DD-93EF-86F6B22E7450}.CD_ROM|Default.Build.0 = CD_ROM
		{258C48E1-7D1F-46DD-93EF-86F6B22E7450}.DVD-5|Default.ActiveCfg = DVD-5
		{258C48E1-7D1F-46DD-93EF-86F6B22E7450}.DVD-5|Default.Build.0 = DVD-5
		{258C48E1-7D1F-46DD-93EF-86F6B22E7450}.SingleImage|Default.ActiveCfg = SingleImage
		{258C48E1-7D1F-46DD-93EF-86F6B22E7450}.SingleImage|Default.Build.0 = SingleImage
	EndGlobalSection
	GlobalSection(SolutionProperties) = preSolution
		HideSolutionNode = FALSE
	EndGlobalSection
EndGlobal
